
Microsoft Visual Studio Solution File, Format Version 11.00
# Visual C++ Express 2010
Project("{8BC9CEB8-8B4A-11D0-8D11-00A0C91BC942}") = "FFMPEG_TCL", "FFMPEG_TCL.vcxproj", "{EAB689C8-35D6-432F-9EB8-5EB1235A204A}"
EndProject
Global
	GlobalSection(SolutionConfigurationPlatforms) = preSolution
		Debug|Win32 = Debug|Win32
		Release|Win32 = Release|Win32
	EndGlobalSection
	GlobalSection(ProjectConfigurationPlatforms) = postSolution
		{EAB689C8-35D6-432F-9EB8-5EB1235A204A}.Debug|Win32.ActiveCfg = Release|Win32
		{EAB689C8-35D6-432F-9EB8-5EB1235A204A}.Debug|Win32.Build.0 = Release|Win32
		{EAB689C8-35D6-432F-9EB8-5EB1235A204A}.Release|Win32.ActiveCfg = Release|Win32
		{EAB689C8-35D6-432F-9EB8-5EB1235A204A}.Release|Win32.Build.0 = Release|Win32
	EndGlobalSection
	GlobalSection(SolutionProperties) = preSolution
		HideSolutionNode = FALSE
	EndGlobalSection
EndGlobal
